
Microsoft Visual Studio Solution File, Format Version 12.00
# Visual Studio Version 17
VisualStudioVersion = 17.1.32228.430
MinimumVisualStudioVersion = 10.0.40219.1
Project("{FAE04EC0-301F-11D3-BF4B-00C04F79EFBC}") = "ConvertGrayscale", "ConvertGrayscale\ConvertGrayscale.csproj", "{6BEA5D07-90A5-4152-A841-AF590B6D6F64}"
EndProject
Global
	GlobalSection(SolutionConfigurationPlatforms) = preSolution
		Debug|Any CPU = Debug|Any CPU
		Release|Any CPU = Release|Any CPU
	EndGlobalSection
	GlobalSection(ProjectConfigurationPlatforms) = postSolution
		{6BEA5D07-90A5-4152-A841-AF590B6D6F64}.Debug|Any CPU.ActiveCfg = Debug|Any CPU
		{6BEA5D07-90A5-4152-A841-AF590B6D6F64}.Debug|Any CPU.Build.0 = Debug|Any CPU
		{6BEA5D07-90A5-4152-A841-AF590B6D6F64}.Release|Any CPU.ActiveCfg = Release|Any CPU
		{6BEA5D07-90A5-4152-A841-AF590B6D6F64}.Release|Any CPU.Build.0 = Release|Any CPU
	EndGlobalSection
	GlobalSection(SolutionProperties) = preSolution
		HideSolutionNode = FALSE
	EndGlobalSection
	GlobalSection(ExtensibilityGlobals) = postSolution
		SolutionGuid = {45358F21-EDDD-4301-A6C2-24523B1238CC}
	EndGlobalSection
EndGlobal
